
Microsoft Visual Studio Solution File, Format Version 12.00
# Visual Studio 2013
VisualStudioVersion = 12.0.30723.0
MinimumVisualStudioVersion = 10.0.40219.1
Project("{2150E333-8FDC-42A3-9474-1A3956D46DE8}") = "_docs", "_docs", "{81E8B724-1849-46E1-B426-02F300480530}"
	ProjectSection(SolutionItems) = preProject
		IntegrationTests.testsettings = IntegrationTests.testsettings
		LICENSE = LICENSE
		README.md = README.md
		UnitTests.testsettings = UnitTests.testsettings
		src\Versions.Settings.targets = src\Versions.Settings.targets
	EndProjectSection
EndProject
Project("{2150E333-8FDC-42A3-9474-1A3956D46DE8}") = "_ref", "_ref", "{53F66510-A052-4D34-B7AC-0380DF783721}"
EndProject
Project("{2150E333-8FDC-42A3-9474-1A3956D46DE8}") = "FW", "FW", "{241D3AE6-ED2C-4470-B3C0-7EE7ECDB81BE}"
EndProject
Project("{F2A71F9B-5D33-465A-A702-920D77279786}") = "Services.Clients.WCF", "src\Services.Clients.WCF\Services.Clients.WCF.fsproj", "{6353AF21-DDAF-4BF1-B7B4-AB898BAB7CA1}"
EndProject
Project("{F2A71F9B-5D33-465A-A702-920D77279786}") = "Services.Clients.WCF.Tests.Unit", "src\Services.Clients.WCF.Tests.Unit\Services.Clients.WCF.Tests.Unit.fsproj", "{702DCAD2-DFF8-46FD-BBA4-47EA33326614}"
EndProject
Project("{F2A71F9B-5D33-465A-A702-920D77279786}") = "Test.Xunit", "src\Test.Xunit\Test.Xunit.fsproj", "{C03731F8-CE9F-4E15-A14D-99230FE7732E}"
EndProject
Project("{7CF6DF6D-3B04-46F8-A40B-537D21BCA0B4}") = "Documentation", "src\Documentation\Documentation.shfbproj", "{C330A724-56FA-426C-8E8E-A3C92AFC9B9C}"
EndProject
Project("{2150E333-8FDC-42A3-9474-1A3956D46DE8}") = "Examples", "Examples", "{FB90063C-F965-4178-AE53-7F2EC9560C3C}"
EndProject
Project("{FAE04EC0-301F-11D3-BF4B-00C04F79EFBC}") = "Services.Clients.WCF.Examples.CSharp", "src\examples\Services.Clients.WCF.Examples.CSharp\Services.Clients.WCF.Examples.CSharp.csproj", "{4CF926C4-A4D1-49D5-ADFB-C8BCD47FA5C6}"
EndProject
Project("{F2A71F9B-5D33-465A-A702-920D77279786}") = "NuGet.Packages", "src\NuGet.Packages\NuGet.Packages.fsproj", "{4C2E5930-BE25-4609-AA94-D217E6D012CF}"
EndProject
Project("{FAE04EC0-301F-11D3-BF4B-00C04F79EFBC}") = "Archient.Web.Host", "src\Archient.Web.Host\Archient.Web.Host.csproj", "{BA55603E-EA5F-4EFE-A7DE-670C7C2438F4}"
EndProject
Project("{F2A71F9B-5D33-465A-A702-920D77279786}") = "Web.Mvc", "src\Web.Mvc\Web.Mvc.fsproj", "{A6AB5E8B-5487-4108-811D-F9A9BC5BE195}"
EndProject
Project("{2150E333-8FDC-42A3-9474-1A3956D46DE8}") = "www", "www", "{7AE6AC86-31B9-46AF-9391-A7E55E42FAA5}"
EndProject
Project("{F2A71F9B-5D33-465A-A702-920D77279786}") = "Web.Host", "src\Web.Host\Web.Host.fsproj", "{D0EF0621-6556-4C1B-A892-F192B00B5DC7}"
EndProject
Project("{F2A71F9B-5D33-465A-A702-920D77279786}") = "Web.Mvc.Host", "src\Web.Mvc.Host\Web.Mvc.Host.fsproj", "{3CDB110E-5F0C-4300-8123-6F6023A1B047}"
EndProject
Project("{F2A71F9B-5D33-465A-A702-920D77279786}") = "Web.Api", "src\Web.Api\Web.Api.fsproj", "{FA6C6E92-CDEE-4BFE-9F8E-6B4A6EFAF7B3}"
EndProject
Project("{F2A71F9B-5D33-465A-A702-920D77279786}") = "Web.Api.Host", "src\Web.Api.Host\Web.Api.Host.fsproj", "{10722CFA-BE72-4E04-9385-ACA1870579DD}"
EndProject
Project("{F2A71F9B-5D33-465A-A702-920D77279786}") = "Archient.Web", "src\Archient.Web\Archient.Web.fsproj", "{53656410-5E82-4B9E-905F-0947892A3085}"
EndProject
Project("{FAE04EC0-301F-11D3-BF4B-00C04F79EFBC}") = "Web.Facebook", "ref\Web.Facebook\Web.Facebook.csproj", "{CF7FBA70-D44C-4020-A5DB-6684D835398A}"
EndProject
Project("{F2A71F9B-5D33-465A-A702-920D77279786}") = "Contracts", "src\Contracts\Contracts.fsproj", "{B4130FA0-ECB5-484F-AE14-9267B3DE87F7}"
EndProject
Project("{2150E333-8FDC-42A3-9474-1A3956D46DE8}") = "Release", "Release", "{3E8CE5F6-4AAE-4642-91C4-794449EACEB0}"
EndProject
Project("{F2A71F9B-5D33-465A-A702-920D77279786}") = "Services.WCF", "src\Services.WCF\Services.WCF.fsproj", "{25AA516D-799E-48C8-AC2D-E80803ACA864}"
EndProject
Project("{F2A71F9B-5D33-465A-A702-920D77279786}") = "Services.WCF.Tests.Integration", "src\Services.WCF.Tests.Integration\Services.WCF.Tests.Integration.fsproj", "{ADA1C61E-D2F8-4645-914A-A87C8AEB23F2}"
EndProject
Project("{2150E333-8FDC-42A3-9474-1A3956D46DE8}") = "Leap Motion", "Leap Motion", "{A70160B8-32B8-4DD7-B14D-D3B0228B1FE6}"
	ProjectSection(SolutionItems) = preProject
		lib\Leap Motion\Leap.nuspec = lib\Leap Motion\Leap.nuspec
	EndProjectSection
EndProject
Project("{F2A71F9B-5D33-465A-A702-920D77279786}") = "LeapMotion", "src\LeapMotion\LeapMotion.fsproj", "{131C12D8-242F-42B2-9CA9-E87F817E4FDC}"
EndProject
Project("{2150E333-8FDC-42A3-9474-1A3956D46DE8}") = ".nuget", ".nuget", "{CD5D637F-2986-4F24-BBCF-EB51E633E7EA}"
	ProjectSection(SolutionItems) = preProject
		.nuget\packages.config = .nuget\packages.config
	EndProjectSection
EndProject
Project("{F2A71F9B-5D33-465A-A702-920D77279786}") = "LeapMotion.WPF.Examples.FSharp", "src\examples\LeapMotion.WPF.Examples.FSharp\LeapMotion.WPF.Examples.FSharp.fsproj", "{405BEE6B-D1B0-4174-A070-CBB52683FA06}"
EndProject
Project("{F2A71F9B-5D33-465A-A702-920D77279786}") = "Eric.Web", "src\Eric.Web\Eric.Web.fsproj", "{D9B0376A-8134-4F2A-8D88-C71A5C1A999A}"
EndProject
Project("{2150E333-8FDC-42A3-9474-1A3956D46DE8}") = "Features", "Features", "{37228DC3-7164-4732-8B5B-DB1754E2CECC}"
EndProject
Project("{F2A71F9B-5D33-465A-A702-920D77279786}") = "Twitter", "src\Twitter\Twitter.fsproj", "{E2520ABA-2425-4FF8-B3A0-A0189A9B5ACE}"
EndProject
Project("{F2A71F9B-5D33-465A-A702-920D77279786}") = "Twitter.Tests.Unit", "src\Twitter.Tests.Unit\Twitter.Tests.Unit.fsproj", "{79BBB83C-5C33-46E1-A552-5F58B7C027B5}"
EndProject
Project("{F2A71F9B-5D33-465A-A702-920D77279786}") = "Contracts.Tests.Unit", "src\Contracts.Tests.Unit\Contracts.Tests.Unit.fsproj", "{62E3E6B7-9E1C-463F-A830-92CEB297B935}"
EndProject
Project("{F2A71F9B-5D33-465A-A702-920D77279786}") = "Web.Api.Test.Unit", "src\Web.Api.Test.Unit\Web.Api.Test.Unit.fsproj", "{0DBC481F-E6F8-46ED-8C4C-9A73143BDF57}"
EndProject
Project("{F2A71F9B-5D33-465A-A702-920D77279786}") = "Web.Mvc.Test.Unit", "src\Web.Mvc.Test.Unit\Web.Mvc.Test.Unit.fsproj", "{FE6CBF48-C09E-4854-B8BD-E959672C2587}"
EndProject
Project("{2150E333-8FDC-42A3-9474-1A3956D46DE8}") = "Microsoft", "Microsoft", "{12B1F5ED-DD63-4556-8338-D1213EFCA866}"
	ProjectSection(SolutionItems) = preProject
		lib\Microsoft\Razor\License.txt = lib\Microsoft\Razor\License.txt
	EndProjectSection
EndProject
Project("{FAE04EC0-301F-11D3-BF4B-00C04F79EFBC}") = "Microsoft.AspNet.Razor", "src\Microsoft.AspNet.Razor\Microsoft.AspNet.Razor.csproj", "{60C6B101-C40F-46DB-B63D-1E28D112BBFE}"
EndProject
Project("{FAE04EC0-301F-11D3-BF4B-00C04F79EFBC}") = "Microsoft.AspNet.Razor.Test", "src\Microsoft.AspNet.Razor.Test\Microsoft.AspNet.Razor.Test.csproj", "{6DE1C394-14AD-4868-9910-6416F66CA661}"
EndProject
Global
	GlobalSection(SolutionConfigurationPlatforms) = preSolution
		Debug FW|Any CPU = Debug FW|Any CPU
		Debug Web|Any CPU = Debug Web|Any CPU
		Debug|Any CPU = Debug|Any CPU
		Release|Any CPU = Release|Any CPU
	EndGlobalSection
	GlobalSection(ProjectConfigurationPlatforms) = postSolution
		{6353AF21-DDAF-4BF1-B7B4-AB898BAB7CA1}.Debug FW|Any CPU.ActiveCfg = Debug|Any CPU
		{6353AF21-DDAF-4BF1-B7B4-AB898BAB7CA1}.Debug FW|Any CPU.Build.0 = Debug|Any CPU
		{6353AF21-DDAF-4BF1-B7B4-AB898BAB7CA1}.Debug Web|Any CPU.ActiveCfg = Debug|Any CPU
		{6353AF21-DDAF-4BF1-B7B4-AB898BAB7CA1}.Debug Web|Any CPU.Build.0 = Debug|Any CPU
		{6353AF21-DDAF-4BF1-B7B4-AB898BAB7CA1}.Debug|Any CPU.ActiveCfg = Debug|Any CPU
		{6353AF21-DDAF-4BF1-B7B4-AB898BAB7CA1}.Debug|Any CPU.Build.0 = Debug|Any CPU
		{6353AF21-DDAF-4BF1-B7B4-AB898BAB7CA1}.Release|Any CPU.ActiveCfg = Release|Any CPU
		{6353AF21-DDAF-4BF1-B7B4-AB898BAB7CA1}.Release|Any CPU.Build.0 = Release|Any CPU
		{702DCAD2-DFF8-46FD-BBA4-47EA33326614}.Debug FW|Any CPU.ActiveCfg = Debug|Any CPU
		{702DCAD2-DFF8-46FD-BBA4-47EA33326614}.Debug FW|Any CPU.Build.0 = Debug|Any CPU
		{702DCAD2-DFF8-46FD-BBA4-47EA33326614}.Debug Web|Any CPU.ActiveCfg = Debug|Any CPU
		{702DCAD2-DFF8-46FD-BBA4-47EA33326614}.Debug Web|Any CPU.Build.0 = Debug|Any CPU
		{702DCAD2-DFF8-46FD-BBA4-47EA33326614}.Debug|Any CPU.ActiveCfg = Debug|Any CPU
		{702DCAD2-DFF8-46FD-BBA4-47EA33326614}.Debug|Any CPU.Build.0 = Debug|Any CPU
		{702DCAD2-DFF8-46FD-BBA4-47EA33326614}.Release|Any CPU.ActiveCfg = Release|Any CPU
		{702DCAD2-DFF8-46FD-BBA4-47EA33326614}.Release|Any CPU.Build.0 = Release|Any CPU
		{C03731F8-CE9F-4E15-A14D-99230FE7732E}.Debug FW|Any CPU.ActiveCfg = Debug|Any CPU
		{C03731F8-CE9F-4E15-A14D-99230FE7732E}.Debug FW|Any CPU.Build.0 = Debug|Any CPU
		{C03731F8-CE9F-4E15-A14D-99230FE7732E}.Debug Web|Any CPU.ActiveCfg = Debug|Any CPU
		{C03731F8-CE9F-4E15-A14D-99230FE7732E}.Debug Web|Any CPU.Build.0 = Debug|Any CPU
		{C03731F8-CE9F-4E15-A14D-99230FE7732E}.Debug|Any CPU.ActiveCfg = Debug|Any CPU
		{C03731F8-CE9F-4E15-A14D-99230FE7732E}.Debug|Any CPU.Build.0 = Debug|Any CPU
		{C03731F8-CE9F-4E15-A14D-99230FE7732E}.Release|Any CPU.ActiveCfg = Release|Any CPU
		{C03731F8-CE9F-4E15-A14D-99230FE7732E}.Release|Any CPU.Build.0 = Release|Any CPU
		{C330A724-56FA-426C-8E8E-A3C92AFC9B9C}.Debug FW|Any CPU.ActiveCfg = Debug|Any CPU
		{C330A724-56FA-426C-8E8E-A3C92AFC9B9C}.Debug Web|Any CPU.ActiveCfg = Debug|Any CPU
		{C330A724-56FA-426C-8E8E-A3C92AFC9B9C}.Debug|Any CPU.ActiveCfg = Debug|Any CPU
		{C330A724-56FA-426C-8E8E-A3C92AFC9B9C}.Release|Any CPU.ActiveCfg = Release|Any CPU
		{C330A724-56FA-426C-8E8E-A3C92AFC9B9C}.Release|Any CPU.Build.0 = Release|Any CPU
		{4CF926C4-A4D1-49D5-ADFB-C8BCD47FA5C6}.Debug FW|Any CPU.ActiveCfg = Debug|Any CPU
		{4CF926C4-A4D1-49D5-ADFB-C8BCD47FA5C6}.Debug FW|Any CPU.Build.0 = Debug|Any CPU
		{4CF926C4-A4D1-49D5-ADFB-C8BCD47FA5C6}.Debug Web|Any CPU.ActiveCfg = Debug|Any CPU
		{4CF926C4-A4D1-49D5-ADFB-C8BCD47FA5C6}.Debug Web|Any CPU.Build.0 = Debug|Any CPU
		{4CF926C4-A4D1-49D5-ADFB-C8BCD47FA5C6}.Debug|Any CPU.ActiveCfg = Debug|Any CPU
		{4CF926C4-A4D1-49D5-ADFB-C8BCD47FA5C6}.Debug|Any CPU.Build.0 = Debug|Any CPU
		{4CF926C4-A4D1-49D5-ADFB-C8BCD47FA5C6}.Release|Any CPU.ActiveCfg = Release|Any CPU
		{4CF926C4-A4D1-49D5-ADFB-C8BCD47FA5C6}.Release|Any CPU.Build.0 = Release|Any CPU
		{4C2E5930-BE25-4609-AA94-D217E6D012CF}.Debug FW|Any CPU.ActiveCfg = Debug|Any CPU
		{4C2E5930-BE25-4609-AA94-D217E6D012CF}.Debug Web|Any CPU.ActiveCfg = Debug|Any CPU
		{4C2E5930-BE25-4609-AA94-D217E6D012CF}.Debug|Any CPU.ActiveCfg = Debug|Any CPU
		{4C2E5930-BE25-4609-AA94-D217E6D012CF}.Release|Any CPU.ActiveCfg = Release|Any CPU
		{4C2E5930-BE25-4609-AA94-D217E6D012CF}.Release|Any CPU.Build.0 = Release|Any CPU
		{BA55603E-EA5F-4EFE-A7DE-670C7C2438F4}.Debug FW|Any CPU.ActiveCfg = Debug|Any CPU
		{BA55603E-EA5F-4EFE-A7DE-670C7C2438F4}.Debug Web|Any CPU.ActiveCfg = Debug|Any CPU
		{BA55603E-EA5F-4EFE-A7DE-670C7C2438F4}.Debug Web|Any CPU.Build.0 = Debug|Any CPU
		{BA55603E-EA5F-4EFE-A7DE-670C7C2438F4}.Debug|Any CPU.ActiveCfg = Debug|Any CPU
		{BA55603E-EA5F-4EFE-A7DE-670C7C2438F4}.Debug|Any CPU.Build.0 = Debug|Any CPU
		{BA55603E-EA5F-4EFE-A7DE-670C7C2438F4}.Release|Any CPU.ActiveCfg = Release|Any CPU
		{BA55603E-EA5F-4EFE-A7DE-670C7C2438F4}.Release|Any CPU.Build.0 = Release|Any CPU
		{A6AB5E8B-5487-4108-811D-F9A9BC5BE195}.Debug FW|Any CPU.ActiveCfg = Debug|Any CPU
		{A6AB5E8B-5487-4108-811D-F9A9BC5BE195}.Debug FW|Any CPU.Build.0 = Debug|Any CPU
		{A6AB5E8B-5487-4108-811D-F9A9BC5BE195}.Debug Web|Any CPU.ActiveCfg = Debug|Any CPU
		{A6AB5E8B-5487-4108-811D-F9A9BC5BE195}.Debug Web|Any CPU.Build.0 = Debug|Any CPU
		{A6AB5E8B-5487-4108-811D-F9A9BC5BE195}.Debug|Any CPU.ActiveCfg = Debug|Any CPU
		{A6AB5E8B-5487-4108-811D-F9A9BC5BE195}.Debug|Any CPU.Build.0 = Debug|Any CPU
		{A6AB5E8B-5487-4108-811D-F9A9BC5BE195}.Release|Any CPU.ActiveCfg = Release|Any CPU
		{A6AB5E8B-5487-4108-811D-F9A9BC5BE195}.Release|Any CPU.Build.0 = Release|Any CPU
		{D0EF0621-6556-4C1B-A892-F192B00B5DC7}.Debug FW|Any CPU.ActiveCfg = Debug|Any CPU
		{D0EF0621-6556-4C1B-A892-F192B00B5DC7}.Debug FW|Any CPU.Build.0 = Debug|Any CPU
		{D0EF0621-6556-4C1B-A892-F192B00B5DC7}.Debug Web|Any CPU.ActiveCfg = Debug|Any CPU
		{D0EF0621-6556-4C1B-A892-F192B00B5DC7}.Debug Web|Any CPU.Build.0 = Debug|Any CPU
		{D0EF0621-6556-4C1B-A892-F192B00B5DC7}.Debug|Any CPU.ActiveCfg = Debug|Any CPU
		{D0EF0621-6556-4C1B-A892-F192B00B5DC7}.Debug|Any CPU.Build.0 = Debug|Any CPU
		{D0EF0621-6556-4C1B-A892-F192B00B5DC7}.Release|Any CPU.ActiveCfg = Release|Any CPU
		{D0EF0621-6556-4C1B-A892-F192B00B5DC7}.Release|Any CPU.Build.0 = Release|Any CPU
		{3CDB110E-5F0C-4300-8123-6F6023A1B047}.Debug FW|Any CPU.ActiveCfg = Debug|Any CPU
		{3CDB110E-5F0C-4300-8123-6F6023A1B047}.Debug FW|Any CPU.Build.0 = Debug|Any CPU
		{3CDB110E-5F0C-4300-8123-6F6023A1B047}.Debug Web|Any CPU.ActiveCfg = Debug|Any CPU
		{3CDB110E-5F0C-4300-8123-6F6023A1B047}.Debug Web|Any CPU.Build.0 = Debug|Any CPU
		{3CDB110E-5F0C-4300-8123-6F6023A1B047}.Debug|Any CPU.ActiveCfg = Debug|Any CPU
		{3CDB110E-5F0C-4300-8123-6F6023A1B047}.Debug|Any CPU.Build.0 = Debug|Any CPU
		{3CDB110E-5F0C-4300-8123-6F6023A1B047}.Release|Any CPU.ActiveCfg = Release|Any CPU
		{3CDB110E-5F0C-4300-8123-6F6023A1B047}.Release|Any CPU.Build.0 = Release|Any CPU
		{FA6C6E92-CDEE-4BFE-9F8E-6B4A6EFAF7B3}.Debug FW|Any CPU.ActiveCfg = Debug|Any CPU
		{FA6C6E92-CDEE-4BFE-9F8E-6B4A6EFAF7B3}.Debug FW|Any CPU.Build.0 = Debug|Any CPU
		{FA6C6E92-CDEE-4BFE-9F8E-6B4A6EFAF7B3}.Debug Web|Any CPU.ActiveCfg = Debug|Any CPU
		{FA6C6E92-CDEE-4BFE-9F8E-6B4A6EFAF7B3}.Debug Web|Any CPU.Build.0 = Debug|Any CPU
		{FA6C6E92-CDEE-4BFE-9F8E-6B4A6EFAF7B3}.Debug|Any CPU.ActiveCfg = Debug|Any CPU
		{FA6C6E92-CDEE-4BFE-9F8E-6B4A6EFAF7B3}.Debug|Any CPU.Build.0 = Debug|Any CPU
		{FA6C6E92-CDEE-4BFE-9F8E-6B4A6EFAF7B3}.Release|Any CPU.ActiveCfg = Release|Any CPU
		{FA6C6E92-CDEE-4BFE-9F8E-6B4A6EFAF7B3}.Release|Any CPU.Build.0 = Release|Any CPU
		{10722CFA-BE72-4E04-9385-ACA1870579DD}.Debug FW|Any CPU.ActiveCfg = Debug|Any CPU
		{10722CFA-BE72-4E04-9385-ACA1870579DD}.Debug FW|Any CPU.Build.0 = Debug|Any CPU
		{10722CFA-BE72-4E04-9385-ACA1870579DD}.Debug Web|Any CPU.ActiveCfg = Debug|Any CPU
		{10722CFA-BE72-4E04-9385-ACA1870579DD}.Debug Web|Any CPU.Build.0 = Debug|Any CPU
		{10722CFA-BE72-4E04-9385-ACA1870579DD}.Debug|Any CPU.ActiveCfg = Debug|Any CPU
		{10722CFA-BE72-4E04-9385-ACA1870579DD}.Debug|Any CPU.Build.0 = Debug|Any CPU
		{10722CFA-BE72-4E04-9385-ACA1870579DD}.Release|Any CPU.ActiveCfg = Release|Any CPU
		{10722CFA-BE72-4E04-9385-ACA1870579DD}.Release|Any CPU.Build.0 = Release|Any CPU
		{53656410-5E82-4B9E-905F-0947892A3085}.Debug FW|Any CPU.ActiveCfg = Debug|Any CPU
		{53656410-5E82-4B9E-905F-0947892A3085}.Debug Web|Any CPU.ActiveCfg = Debug|Any CPU
		{53656410-5E82-4B9E-905F-0947892A3085}.Debug Web|Any CPU.Build.0 = Debug|Any CPU
		{53656410-5E82-4B9E-905F-0947892A3085}.Debug|Any CPU.ActiveCfg = Debug|Any CPU
		{53656410-5E82-4B9E-905F-0947892A3085}.Debug|Any CPU.Build.0 = Debug|Any CPU
		{53656410-5E82-4B9E-905F-0947892A3085}.Release|Any CPU.ActiveCfg = Release|Any CPU
		{53656410-5E82-4B9E-905F-0947892A3085}.Release|Any CPU.Build.0 = Release|Any CPU
		{CF7FBA70-D44C-4020-A5DB-6684D835398A}.Debug FW|Any CPU.ActiveCfg = Debug|Any CPU
		{CF7FBA70-D44C-4020-A5DB-6684D835398A}.Debug Web|Any CPU.ActiveCfg = Debug|Any CPU
		{CF7FBA70-D44C-4020-A5DB-6684D835398A}.Debug|Any CPU.ActiveCfg = Debug|Any CPU
		{CF7FBA70-D44C-4020-A5DB-6684D835398A}.Debug|Any CPU.Build.0 = Debug|Any CPU
		{CF7FBA70-D44C-4020-A5DB-6684D835398A}.Release|Any CPU.ActiveCfg = Release|Any CPU
		{B4130FA0-ECB5-484F-AE14-9267B3DE87F7}.Debug FW|Any CPU.ActiveCfg = Debug|Any CPU
		{B4130FA0-ECB5-484F-AE14-9267B3DE87F7}.Debug FW|Any CPU.Build.0 = Debug|Any CPU
		{B4130FA0-ECB5-484F-AE14-9267B3DE87F7}.Debug Web|Any CPU.ActiveCfg = Debug|Any CPU
		{B4130FA0-ECB5-484F-AE14-9267B3DE87F7}.Debug Web|Any CPU.Build.0 = Debug|Any CPU
		{B4130FA0-ECB5-484F-AE14-9267B3DE87F7}.Debug|Any CPU.ActiveCfg = Debug|Any CPU
		{B4130FA0-ECB5-484F-AE14-9267B3DE87F7}.Debug|Any CPU.Build.0 = Debug|Any CPU
		{B4130FA0-ECB5-484F-AE14-9267B3DE87F7}.Release|Any CPU.ActiveCfg = Release|Any CPU
		{B4130FA0-ECB5-484F-AE14-9267B3DE87F7}.Release|Any CPU.Build.0 = Release|Any CPU
		{25AA516D-799E-48C8-AC2D-E80803ACA864}.Debug FW|Any CPU.ActiveCfg = Debug|Any CPU
		{25AA516D-799E-48C8-AC2D-E80803ACA864}.Debug FW|Any CPU.Build.0 = Debug|Any CPU
		{25AA516D-799E-48C8-AC2D-E80803ACA864}.Debug Web|Any CPU.ActiveCfg = Debug|Any CPU
		{25AA516D-799E-48C8-AC2D-E80803ACA864}.Debug Web|Any CPU.Build.0 = Debug|Any CPU
		{25AA516D-799E-48C8-AC2D-E80803ACA864}.Debug|Any CPU.ActiveCfg = Debug|Any CPU
		{25AA516D-799E-48C8-AC2D-E80803ACA864}.Debug|Any CPU.Build.0 = Debug|Any CPU
		{25AA516D-799E-48C8-AC2D-E80803ACA864}.Release|Any CPU.ActiveCfg = Release|Any CPU
		{25AA516D-799E-48C8-AC2D-E80803ACA864}.Release|Any CPU.Build.0 = Release|Any CPU
		{ADA1C61E-D2F8-4645-914A-A87C8AEB23F2}.Debug FW|Any CPU.ActiveCfg = Debug|Any CPU
		{ADA1C61E-D2F8-4645-914A-A87C8AEB23F2}.Debug FW|Any CPU.Build.0 = Debug|Any CPU
		{ADA1C61E-D2F8-4645-914A-A87C8AEB23F2}.Debug Web|Any CPU.ActiveCfg = Debug|Any CPU
		{ADA1C61E-D2F8-4645-914A-A87C8AEB23F2}.Debug Web|Any CPU.Build.0 = Debug|Any CPU
		{ADA1C61E-D2F8-4645-914A-A87C8AEB23F2}.Debug|Any CPU.ActiveCfg = Debug|Any CPU
		{ADA1C61E-D2F8-4645-914A-A87C8AEB23F2}.Debug|Any CPU.Build.0 = Debug|Any CPU
		{ADA1C61E-D2F8-4645-914A-A87C8AEB23F2}.Release|Any CPU.ActiveCfg = Release|Any CPU
		{ADA1C61E-D2F8-4645-914A-A87C8AEB23F2}.Release|Any CPU.Build.0 = Release|Any CPU
		{131C12D8-242F-42B2-9CA9-E87F817E4FDC}.Debug FW|Any CPU.ActiveCfg = Debug|Any CPU
		{131C12D8-242F-42B2-9CA9-E87F817E4FDC}.Debug FW|Any CPU.Build.0 = Debug|Any CPU
		{131C12D8-242F-42B2-9CA9-E87F817E4FDC}.Debug Web|Any CPU.ActiveCfg = Debug|Any CPU
		{131C12D8-242F-42B2-9CA9-E87F817E4FDC}.Debug Web|Any CPU.Build.0 = Debug|Any CPU
		{131C12D8-242F-42B2-9CA9-E87F817E4FDC}.Debug|Any CPU.ActiveCfg = Debug|Any CPU
		{131C12D8-242F-42B2-9CA9-E87F817E4FDC}.Debug|Any CPU.Build.0 = Debug|Any CPU
		{131C12D8-242F-42B2-9CA9-E87F817E4FDC}.Release|Any CPU.ActiveCfg = Release|Any CPU
		{131C12D8-242F-42B2-9CA9-E87F817E4FDC}.Release|Any CPU.Build.0 = Release|Any CPU
		{405BEE6B-D1B0-4174-A070-CBB52683FA06}.Debug FW|Any CPU.ActiveCfg = Debug|Any CPU
		{405BEE6B-D1B0-4174-A070-CBB52683FA06}.Debug FW|Any CPU.Build.0 = Debug|Any CPU
		{405BEE6B-D1B0-4174-A070-CBB52683FA06}.Debug Web|Any CPU.ActiveCfg = Debug|Any CPU
		{405BEE6B-D1B0-4174-A070-CBB52683FA06}.Debug Web|Any CPU.Build.0 = Debug|Any CPU
		{405BEE6B-D1B0-4174-A070-CBB52683FA06}.Debug|Any CPU.ActiveCfg = Debug|Any CPU
		{405BEE6B-D1B0-4174-A070-CBB52683FA06}.Debug|Any CPU.Build.0 = Debug|Any CPU
		{405BEE6B-D1B0-4174-A070-CBB52683FA06}.Release|Any CPU.ActiveCfg = Release|Any CPU
		{405BEE6B-D1B0-4174-A070-CBB52683FA06}.Release|Any CPU.Build.0 = Release|Any CPU
		{D9B0376A-8134-4F2A-8D88-C71A5C1A999A}.Debug FW|Any CPU.ActiveCfg = Debug|Any CPU
		{D9B0376A-8134-4F2A-8D88-C71A5C1A999A}.Debug FW|Any CPU.Build.0 = Debug|Any CPU
		{D9B0376A-8134-4F2A-8D88-C71A5C1A999A}.Debug Web|Any CPU.ActiveCfg = Debug|Any CPU
		{D9B0376A-8134-4F2A-8D88-C71A5C1A999A}.Debug Web|Any CPU.Build.0 = Debug|Any CPU
		{D9B0376A-8134-4F2A-8D88-C71A5C1A999A}.Debug|Any CPU.ActiveCfg = Debug|Any CPU
		{D9B0376A-8134-4F2A-8D88-C71A5C1A999A}.Debug|Any CPU.Build.0 = Debug|Any CPU
		{D9B0376A-8134-4F2A-8D88-C71A5C1A999A}.Release|Any CPU.ActiveCfg = Release|Any CPU
		{D9B0376A-8134-4F2A-8D88-C71A5C1A999A}.Release|Any CPU.Build.0 = Release|Any CPU
		{E2520ABA-2425-4FF8-B3A0-A0189A9B5ACE}.Debug FW|Any CPU.ActiveCfg = Debug|Any CPU
		{E2520ABA-2425-4FF8-B3A0-A0189A9B5ACE}.Debug FW|Any CPU.Build.0 = Debug|Any CPU
		{E2520ABA-2425-4FF8-B3A0-A0189A9B5ACE}.Debug Web|Any CPU.ActiveCfg = Debug|Any CPU
		{E2520ABA-2425-4FF8-B3A0-A0189A9B5ACE}.Debug Web|Any CPU.Build.0 = Debug|Any CPU
		{E2520ABA-2425-4FF8-B3A0-A0189A9B5ACE}.Debug|Any CPU.ActiveCfg = Debug|Any CPU
		{E2520ABA-2425-4FF8-B3A0-A0189A9B5ACE}.Debug|Any CPU.Build.0 = Debug|Any CPU
		{E2520ABA-2425-4FF8-B3A0-A0189A9B5ACE}.Release|Any CPU.ActiveCfg = Release|Any CPU
		{E2520ABA-2425-4FF8-B3A0-A0189A9B5ACE}.Release|Any CPU.Build.0 = Release|Any CPU
		{79BBB83C-5C33-46E1-A552-5F58B7C027B5}.Debug FW|Any CPU.ActiveCfg = Debug|Any CPU
		{79BBB83C-5C33-46E1-A552-5F58B7C027B5}.Debug FW|Any CPU.Build.0 = Debug|Any CPU
		{79BBB83C-5C33-46E1-A552-5F58B7C027B5}.Debug Web|Any CPU.ActiveCfg = Debug|Any CPU
		{79BBB83C-5C33-46E1-A552-5F58B7C027B5}.Debug Web|Any CPU.Build.0 = Debug|Any CPU
		{79BBB83C-5C33-46E1-A552-5F58B7C027B5}.Debug|Any CPU.ActiveCfg = Debug|Any CPU
		{79BBB83C-5C33-46E1-A552-5F58B7C027B5}.Debug|Any CPU.Build.0 = Debug|Any CPU
		{79BBB83C-5C33-46E1-A552-5F58B7C027B5}.Release|Any CPU.ActiveCfg = Release|Any CPU
		{79BBB83C-5C33-46E1-A552-5F58B7C027B5}.Release|Any CPU.Build.0 = Release|Any CPU
		{62E3E6B7-9E1C-463F-A830-92CEB297B935}.Debug FW|Any CPU.ActiveCfg = Debug|Any CPU
		{62E3E6B7-9E1C-463F-A830-92CEB297B935}.Debug FW|Any CPU.Build.0 = Debug|Any CPU
		{62E3E6B7-9E1C-463F-A830-92CEB297B935}.Debug Web|Any CPU.ActiveCfg = Debug|Any CPU
		{62E3E6B7-9E1C-463F-A830-92CEB297B935}.Debug Web|Any CPU.Build.0 = Debug|Any CPU
		{62E3E6B7-9E1C-463F-A830-92CEB297B935}.Debug|Any CPU.ActiveCfg = Debug|Any CPU
		{62E3E6B7-9E1C-463F-A830-92CEB297B935}.Debug|Any CPU.Build.0 = Debug|Any CPU
		{62E3E6B7-9E1C-463F-A830-92CEB297B935}.Release|Any CPU.ActiveCfg = Release|Any CPU
		{62E3E6B7-9E1C-463F-A830-92CEB297B935}.Release|Any CPU.Build.0 = Release|Any CPU
		{0DBC481F-E6F8-46ED-8C4C-9A73143BDF57}.Debug FW|Any CPU.ActiveCfg = Debug|Any CPU
		{0DBC481F-E6F8-46ED-8C4C-9A73143BDF57}.Debug FW|Any CPU.Build.0 = Debug|Any CPU
		{0DBC481F-E6F8-46ED-8C4C-9A73143BDF57}.Debug Web|Any CPU.ActiveCfg = Debug|Any CPU
		{0DBC481F-E6F8-46ED-8C4C-9A73143BDF57}.Debug Web|Any CPU.Build.0 = Debug|Any CPU
		{0DBC481F-E6F8-46ED-8C4C-9A73143BDF57}.Debug|Any CPU.ActiveCfg = Debug|Any CPU
		{0DBC481F-E6F8-46ED-8C4C-9A73143BDF57}.Debug|Any CPU.Build.0 = Debug|Any CPU
		{0DBC481F-E6F8-46ED-8C4C-9A73143BDF57}.Release|Any CPU.ActiveCfg = Release|Any CPU
		{0DBC481F-E6F8-46ED-8C4C-9A73143BDF57}.Release|Any CPU.Build.0 = Release|Any CPU
		{FE6CBF48-C09E-4854-B8BD-E959672C2587}.Debug FW|Any CPU.ActiveCfg = Debug|Any CPU
		{FE6CBF48-C09E-4854-B8BD-E959672C2587}.Debug FW|Any CPU.Build.0 = Debug|Any CPU
		{FE6CBF48-C09E-4854-B8BD-E959672C2587}.Debug Web|Any CPU.ActiveCfg = Debug|Any CPU
		{FE6CBF48-C09E-4854-B8BD-E959672C2587}.Debug Web|Any CPU.Build.0 = Debug|Any CPU
		{FE6CBF48-C09E-4854-B8BD-E959672C2587}.Debug|Any CPU.ActiveCfg = Debug|Any CPU
		{FE6CBF48-C09E-4854-B8BD-E959672C2587}.Debug|Any CPU.Build.0 = Debug|Any CPU
		{FE6CBF48-C09E-4854-B8BD-E959672C2587}.Release|Any CPU.ActiveCfg = Release|Any CPU
		{FE6CBF48-C09E-4854-B8BD-E959672C2587}.Release|Any CPU.Build.0 = Release|Any CPU
		{60C6B101-C40F-46DB-B63D-1E28D112BBFE}.Debug FW|Any CPU.ActiveCfg = Debug|Any CPU
		{60C6B101-C40F-46DB-B63D-1E28D112BBFE}.Debug FW|Any CPU.Build.0 = Debug|Any CPU
		{60C6B101-C40F-46DB-B63D-1E28D112BBFE}.Debug Web|Any CPU.ActiveCfg = Debug|Any CPU
		{60C6B101-C40F-46DB-B63D-1E28D112BBFE}.Debug Web|Any CPU.Build.0 = Debug|Any CPU
		{60C6B101-C40F-46DB-B63D-1E28D112BBFE}.Debug|Any CPU.ActiveCfg = Debug|Any CPU
		{60C6B101-C40F-46DB-B63D-1E28D112BBFE}.Debug|Any CPU.Build.0 = Debug|Any CPU
		{60C6B101-C40F-46DB-B63D-1E28D112BBFE}.Release|Any CPU.ActiveCfg = Release|Any CPU
		{60C6B101-C40F-46DB-B63D-1E28D112BBFE}.Release|Any CPU.Build.0 = Release|Any CPU
		{6DE1C394-14AD-4868-9910-6416F66CA661}.Debug FW|Any CPU.ActiveCfg = Debug|Any CPU
		{6DE1C394-14AD-4868-9910-6416F66CA661}.Debug FW|Any CPU.Build.0 = Debug|Any CPU
		{6DE1C394-14AD-4868-9910-6416F66CA661}.Debug Web|Any CPU.ActiveCfg = Debug|Any CPU
		{6DE1C394-14AD-4868-9910-6416F66CA661}.Debug Web|Any CPU.Build.0 = Debug|Any CPU
		{6DE1C394-14AD-4868-9910-6416F66CA661}.Debug|Any CPU.ActiveCfg = Debug|Any CPU
		{6DE1C394-14AD-4868-9910-6416F66CA661}.Debug|Any CPU.Build.0 = Debug|Any CPU
		{6DE1C394-14AD-4868-9910-6416F66CA661}.Release|Any CPU.ActiveCfg = Release|Any CPU
		{6DE1C394-14AD-4868-9910-6416F66CA661}.Release|Any CPU.Build.0 = Release|Any CPU
	EndGlobalSection
	GlobalSection(SolutionProperties) = preSolution
		HideSolutionNode = FALSE
	EndGlobalSection
	GlobalSection(NestedProjects) = preSolution
		{6353AF21-DDAF-4BF1-B7B4-AB898BAB7CA1} = {241D3AE6-ED2C-4470-B3C0-7EE7ECDB81BE}
		{702DCAD2-DFF8-46FD-BBA4-47EA33326614} = {241D3AE6-ED2C-4470-B3C0-7EE7ECDB81BE}
		{C03731F8-CE9F-4E15-A14D-99230FE7732E} = {241D3AE6-ED2C-4470-B3C0-7EE7ECDB81BE}
		{C330A724-56FA-426C-8E8E-A3C92AFC9B9C} = {3E8CE5F6-4AAE-4642-91C4-794449EACEB0}
		{FB90063C-F965-4178-AE53-7F2EC9560C3C} = {241D3AE6-ED2C-4470-B3C0-7EE7ECDB81BE}
		{4CF926C4-A4D1-49D5-ADFB-C8BCD47FA5C6} = {FB90063C-F965-4178-AE53-7F2EC9560C3C}
		{4C2E5930-BE25-4609-AA94-D217E6D012CF} = {3E8CE5F6-4AAE-4642-91C4-794449EACEB0}
		{BA55603E-EA5F-4EFE-A7DE-670C7C2438F4} = {7AE6AC86-31B9-46AF-9391-A7E55E42FAA5}
		{A6AB5E8B-5487-4108-811D-F9A9BC5BE195} = {241D3AE6-ED2C-4470-B3C0-7EE7ECDB81BE}
		{D0EF0621-6556-4C1B-A892-F192B00B5DC7} = {241D3AE6-ED2C-4470-B3C0-7EE7ECDB81BE}
		{3CDB110E-5F0C-4300-8123-6F6023A1B047} = {241D3AE6-ED2C-4470-B3C0-7EE7ECDB81BE}
		{FA6C6E92-CDEE-4BFE-9F8E-6B4A6EFAF7B3} = {241D3AE6-ED2C-4470-B3C0-7EE7ECDB81BE}
		{10722CFA-BE72-4E04-9385-ACA1870579DD} = {241D3AE6-ED2C-4470-B3C0-7EE7ECDB81BE}
		{53656410-5E82-4B9E-905F-0947892A3085} = {37228DC3-7164-4732-8B5B-DB1754E2CECC}
		{CF7FBA70-D44C-4020-A5DB-6684D835398A} = {53F66510-A052-4D34-B7AC-0380DF783721}
		{B4130FA0-ECB5-484F-AE14-9267B3DE87F7} = {241D3AE6-ED2C-4470-B3C0-7EE7ECDB81BE}
		{3E8CE5F6-4AAE-4642-91C4-794449EACEB0} = {241D3AE6-ED2C-4470-B3C0-7EE7ECDB81BE}
		{25AA516D-799E-48C8-AC2D-E80803ACA864} = {241D3AE6-ED2C-4470-B3C0-7EE7ECDB81BE}
		{ADA1C61E-D2F8-4645-914A-A87C8AEB23F2} = {241D3AE6-ED2C-4470-B3C0-7EE7ECDB81BE}
		{A70160B8-32B8-4DD7-B14D-D3B0228B1FE6} = {241D3AE6-ED2C-4470-B3C0-7EE7ECDB81BE}
		{131C12D8-242F-42B2-9CA9-E87F817E4FDC} = {241D3AE6-ED2C-4470-B3C0-7EE7ECDB81BE}
		{405BEE6B-D1B0-4174-A070-CBB52683FA06} = {FB90063C-F965-4178-AE53-7F2EC9560C3C}
		{D9B0376A-8134-4F2A-8D88-C71A5C1A999A} = {37228DC3-7164-4732-8B5B-DB1754E2CECC}
		{37228DC3-7164-4732-8B5B-DB1754E2CECC} = {7AE6AC86-31B9-46AF-9391-A7E55E42FAA5}
		{E2520ABA-2425-4FF8-B3A0-A0189A9B5ACE} = {241D3AE6-ED2C-4470-B3C0-7EE7ECDB81BE}
		{79BBB83C-5C33-46E1-A552-5F58B7C027B5} = {241D3AE6-ED2C-4470-B3C0-7EE7ECDB81BE}
		{62E3E6B7-9E1C-463F-A830-92CEB297B935} = {241D3AE6-ED2C-4470-B3C0-7EE7ECDB81BE}
		{0DBC481F-E6F8-46ED-8C4C-9A73143BDF57} = {241D3AE6-ED2C-4470-B3C0-7EE7ECDB81BE}
		{FE6CBF48-C09E-4854-B8BD-E959672C2587} = {241D3AE6-ED2C-4470-B3C0-7EE7ECDB81BE}
		{12B1F5ED-DD63-4556-8338-D1213EFCA866} = {241D3AE6-ED2C-4470-B3C0-7EE7ECDB81BE}
		{60C6B101-C40F-46DB-B63D-1E28D112BBFE} = {12B1F5ED-DD63-4556-8338-D1213EFCA866}
		{6DE1C394-14AD-4868-9910-6416F66CA661} = {12B1F5ED-DD63-4556-8338-D1213EFCA866}
	EndGlobalSection
EndGlobal
