
Microsoft Visual Studio Solution File, Format Version 12.00
# Visual Studio 2013
VisualStudioVersion = 12.0.30501.0
MinimumVisualStudioVersion = 10.0.40219.1
Project("{2150E333-8FDC-42A3-9474-1A3956D46DE8}") = "_docs", "_docs", "{81E8B724-1849-46E1-B426-02F300480530}"
	ProjectSection(SolutionItems) = preProject
		IntegrationTests.testsettings = IntegrationTests.testsettings
		LICENSE = LICENSE
		README.md = README.md
		UnitTests.testsettings = UnitTests.testsettings
	EndProjectSection
EndProject
Project("{2150E333-8FDC-42A3-9474-1A3956D46DE8}") = "_ref", "_ref", "{53F66510-A052-4D34-B7AC-0380DF783721}"
EndProject
Project("{2150E333-8FDC-42A3-9474-1A3956D46DE8}") = "VS", "VS", "{C02DE003-6FE2-4307-9C06-5F5A01BD9F77}"
EndProject
Project("{F2A71F9B-5D33-465A-A702-920D77279786}") = "VS2013.Examples.Package", "src\examples\VS2013.Examples.Package\VS2013.Examples.Package.fsproj", "{9AADED6A-6FDD-4309-8332-A50651932CF4}"
EndProject
Project("{FAE04EC0-301F-11D3-BF4B-00C04F79EFBC}") = "VS2013.References.Package", "ref\VS2013.References.Package\VS2013.References.Package.csproj", "{4062E471-D142-459F-B050-903F414ED868}"
EndProject
Project("{FAE04EC0-301F-11D3-BF4B-00C04F79EFBC}") = "VS2013.References.Package.Tests.Unit", "ref\VS2013.References.Package.Tests.Unit\VS2013.References.Package.Tests.Unit.csproj", "{02A4D32B-61D0-45D4-9A98-6F5433D1FBA3}"
EndProject
Project("{FAE04EC0-301F-11D3-BF4B-00C04F79EFBC}") = "VS2013.References.Package.Tests.Integration", "ref\VS2013.References.Package.Tests.Integration\VS2013.References.Package.Tests.Integration.csproj", "{5E3166DD-FD49-4C7C-B350-547015090741}"
EndProject
Project("{2150E333-8FDC-42A3-9474-1A3956D46DE8}") = "FW", "FW", "{241D3AE6-ED2C-4470-B3C0-7EE7ECDB81BE}"
EndProject
Project("{F2A71F9B-5D33-465A-A702-920D77279786}") = "Services.Clients.WCF", "src\Services.Clients.WCF\Services.Clients.WCF.fsproj", "{6353AF21-DDAF-4BF1-B7B4-AB898BAB7CA1}"
EndProject
Project("{F2A71F9B-5D33-465A-A702-920D77279786}") = "Services.Clients.WCF.Tests.Unit", "src\Services.Clients.WCF.Tests.Unit\Services.Clients.WCF.Tests.Unit.fsproj", "{702DCAD2-DFF8-46FD-BBA4-47EA33326614}"
EndProject
Project("{F2A71F9B-5D33-465A-A702-920D77279786}") = "Test.Xunit", "src\Test.Xunit\Test.Xunit.fsproj", "{C03731F8-CE9F-4E15-A14D-99230FE7732E}"
EndProject
Project("{7CF6DF6D-3B04-46F8-A40B-537D21BCA0B4}") = "Documentation", "src\Documentation\Documentation.shfbproj", "{C330A724-56FA-426C-8E8E-A3C92AFC9B9C}"
EndProject
Project("{2150E333-8FDC-42A3-9474-1A3956D46DE8}") = "Examples", "Examples", "{FB90063C-F965-4178-AE53-7F2EC9560C3C}"
EndProject
Project("{FAE04EC0-301F-11D3-BF4B-00C04F79EFBC}") = "Services.Clients.WCF.Examples.CSharp", "src\examples\Services.Clients.WCF.Examples.CSharp\Services.Clients.WCF.Examples.CSharp.csproj", "{4CF926C4-A4D1-49D5-ADFB-C8BCD47FA5C6}"
EndProject
Project("{F2A71F9B-5D33-465A-A702-920D77279786}") = "NuGet.Packages", "src\NuGet.Packages\NuGet.Packages.fsproj", "{4C2E5930-BE25-4609-AA94-D217E6D012CF}"
EndProject
Project("{FAE04EC0-301F-11D3-BF4B-00C04F79EFBC}") = "Archient.Web.Host", "src\Archient.Web.Host\Archient.Web.Host.csproj", "{BA55603E-EA5F-4EFE-A7DE-670C7C2438F4}"
EndProject
Project("{F2A71F9B-5D33-465A-A702-920D77279786}") = "Web.Mvc", "src\Web.Mvc\Web.Mvc.fsproj", "{A6AB5E8B-5487-4108-811D-F9A9BC5BE195}"
EndProject
Project("{2150E333-8FDC-42A3-9474-1A3956D46DE8}") = "www", "www", "{7AE6AC86-31B9-46AF-9391-A7E55E42FAA5}"
EndProject
Project("{F2A71F9B-5D33-465A-A702-920D77279786}") = "Web.Host", "src\Web.Host\Web.Host.fsproj", "{D0EF0621-6556-4C1B-A892-F192B00B5DC7}"
EndProject
Project("{F2A71F9B-5D33-465A-A702-920D77279786}") = "Web.Mvc.Host", "src\Web.Mvc.Host\Web.Mvc.Host.fsproj", "{3CDB110E-5F0C-4300-8123-6F6023A1B047}"
EndProject
Project("{F2A71F9B-5D33-465A-A702-920D77279786}") = "Web.Api", "src\Web.Api\Web.Api.fsproj", "{FA6C6E92-CDEE-4BFE-9F8E-6B4A6EFAF7B3}"
EndProject
Project("{F2A71F9B-5D33-465A-A702-920D77279786}") = "Web.Api.Host", "src\Web.Api.Host\Web.Api.Host.fsproj", "{10722CFA-BE72-4E04-9385-ACA1870579DD}"
EndProject
Project("{F2A71F9B-5D33-465A-A702-920D77279786}") = "Archient.Web", "src\Archient.Web\Archient.Web.fsproj", "{53656410-5E82-4B9E-905F-0947892A3085}"
EndProject
Project("{FAE04EC0-301F-11D3-BF4B-00C04F79EFBC}") = "Web.Facebook", "ref\Web.Facebook\Web.Facebook.csproj", "{CF7FBA70-D44C-4020-A5DB-6684D835398A}"
EndProject
Project("{FAE04EC0-301F-11D3-BF4B-00C04F79EFBC}") = "Web.Facebook.Tests.Unit", "ref\Web.Facebook.Tests.Unit\Web.Facebook.Tests.Unit.csproj", "{E3D1FCBE-7EDF-44F7-AF0D-90C4091EBEFA}"
EndProject
Global
	GlobalSection(SolutionConfigurationPlatforms) = preSolution
		Debug FW|Any CPU = Debug FW|Any CPU
		Debug Web|Any CPU = Debug Web|Any CPU
		Debug|Any CPU = Debug|Any CPU
		Release|Any CPU = Release|Any CPU
	EndGlobalSection
	GlobalSection(ProjectConfigurationPlatforms) = postSolution
		{9AADED6A-6FDD-4309-8332-A50651932CF4}.Debug FW|Any CPU.ActiveCfg = Debug|Any CPU
		{9AADED6A-6FDD-4309-8332-A50651932CF4}.Debug Web|Any CPU.ActiveCfg = Debug|Any CPU
		{9AADED6A-6FDD-4309-8332-A50651932CF4}.Debug|Any CPU.ActiveCfg = Debug|Any CPU
		{9AADED6A-6FDD-4309-8332-A50651932CF4}.Debug|Any CPU.Build.0 = Debug|Any CPU
		{9AADED6A-6FDD-4309-8332-A50651932CF4}.Release|Any CPU.ActiveCfg = Release|Any CPU
		{4062E471-D142-459F-B050-903F414ED868}.Debug FW|Any CPU.ActiveCfg = Debug|Any CPU
		{4062E471-D142-459F-B050-903F414ED868}.Debug Web|Any CPU.ActiveCfg = Debug|Any CPU
		{4062E471-D142-459F-B050-903F414ED868}.Debug|Any CPU.ActiveCfg = Debug|Any CPU
		{4062E471-D142-459F-B050-903F414ED868}.Debug|Any CPU.Build.0 = Debug|Any CPU
		{4062E471-D142-459F-B050-903F414ED868}.Release|Any CPU.ActiveCfg = Release|Any CPU
		{02A4D32B-61D0-45D4-9A98-6F5433D1FBA3}.Debug FW|Any CPU.ActiveCfg = Debug|Any CPU
		{02A4D32B-61D0-45D4-9A98-6F5433D1FBA3}.Debug Web|Any CPU.ActiveCfg = Debug|Any CPU
		{02A4D32B-61D0-45D4-9A98-6F5433D1FBA3}.Debug|Any CPU.ActiveCfg = Debug|Any CPU
		{02A4D32B-61D0-45D4-9A98-6F5433D1FBA3}.Debug|Any CPU.Build.0 = Debug|Any CPU
		{02A4D32B-61D0-45D4-9A98-6F5433D1FBA3}.Release|Any CPU.ActiveCfg = Release|Any CPU
		{5E3166DD-FD49-4C7C-B350-547015090741}.Debug FW|Any CPU.ActiveCfg = Debug|Any CPU
		{5E3166DD-FD49-4C7C-B350-547015090741}.Debug Web|Any CPU.ActiveCfg = Debug|Any CPU
		{5E3166DD-FD49-4C7C-B350-547015090741}.Debug|Any CPU.ActiveCfg = Debug|Any CPU
		{5E3166DD-FD49-4C7C-B350-547015090741}.Debug|Any CPU.Build.0 = Debug|Any CPU
		{5E3166DD-FD49-4C7C-B350-547015090741}.Release|Any CPU.ActiveCfg = Release|Any CPU
		{6353AF21-DDAF-4BF1-B7B4-AB898BAB7CA1}.Debug FW|Any CPU.ActiveCfg = Debug|Any CPU
		{6353AF21-DDAF-4BF1-B7B4-AB898BAB7CA1}.Debug FW|Any CPU.Build.0 = Debug|Any CPU
		{6353AF21-DDAF-4BF1-B7B4-AB898BAB7CA1}.Debug Web|Any CPU.ActiveCfg = Debug|Any CPU
		{6353AF21-DDAF-4BF1-B7B4-AB898BAB7CA1}.Debug Web|Any CPU.Build.0 = Debug|Any CPU
		{6353AF21-DDAF-4BF1-B7B4-AB898BAB7CA1}.Debug|Any CPU.ActiveCfg = Debug|Any CPU
		{6353AF21-DDAF-4BF1-B7B4-AB898BAB7CA1}.Debug|Any CPU.Build.0 = Debug|Any CPU
		{6353AF21-DDAF-4BF1-B7B4-AB898BAB7CA1}.Release|Any CPU.ActiveCfg = Release|Any CPU
		{6353AF21-DDAF-4BF1-B7B4-AB898BAB7CA1}.Release|Any CPU.Build.0 = Release|Any CPU
		{702DCAD2-DFF8-46FD-BBA4-47EA33326614}.Debug FW|Any CPU.ActiveCfg = Debug|Any CPU
		{702DCAD2-DFF8-46FD-BBA4-47EA33326614}.Debug FW|Any CPU.Build.0 = Debug|Any CPU
		{702DCAD2-DFF8-46FD-BBA4-47EA33326614}.Debug Web|Any CPU.ActiveCfg = Debug|Any CPU
		{702DCAD2-DFF8-46FD-BBA4-47EA33326614}.Debug Web|Any CPU.Build.0 = Debug|Any CPU
		{702DCAD2-DFF8-46FD-BBA4-47EA33326614}.Debug|Any CPU.ActiveCfg = Debug|Any CPU
		{702DCAD2-DFF8-46FD-BBA4-47EA33326614}.Debug|Any CPU.Build.0 = Debug|Any CPU
		{702DCAD2-DFF8-46FD-BBA4-47EA33326614}.Release|Any CPU.ActiveCfg = Release|Any CPU
		{702DCAD2-DFF8-46FD-BBA4-47EA33326614}.Release|Any CPU.Build.0 = Release|Any CPU
		{C03731F8-CE9F-4E15-A14D-99230FE7732E}.Debug FW|Any CPU.ActiveCfg = Debug|Any CPU
		{C03731F8-CE9F-4E15-A14D-99230FE7732E}.Debug FW|Any CPU.Build.0 = Debug|Any CPU
		{C03731F8-CE9F-4E15-A14D-99230FE7732E}.Debug Web|Any CPU.ActiveCfg = Debug|Any CPU
		{C03731F8-CE9F-4E15-A14D-99230FE7732E}.Debug Web|Any CPU.Build.0 = Debug|Any CPU
		{C03731F8-CE9F-4E15-A14D-99230FE7732E}.Debug|Any CPU.ActiveCfg = Debug|Any CPU
		{C03731F8-CE9F-4E15-A14D-99230FE7732E}.Debug|Any CPU.Build.0 = Debug|Any CPU
		{C03731F8-CE9F-4E15-A14D-99230FE7732E}.Release|Any CPU.ActiveCfg = Release|Any CPU
		{C03731F8-CE9F-4E15-A14D-99230FE7732E}.Release|Any CPU.Build.0 = Release|Any CPU
		{C330A724-56FA-426C-8E8E-A3C92AFC9B9C}.Debug FW|Any CPU.ActiveCfg = Debug|Any CPU
		{C330A724-56FA-426C-8E8E-A3C92AFC9B9C}.Debug Web|Any CPU.ActiveCfg = Debug|Any CPU
		{C330A724-56FA-426C-8E8E-A3C92AFC9B9C}.Debug|Any CPU.ActiveCfg = Debug|Any CPU
		{C330A724-56FA-426C-8E8E-A3C92AFC9B9C}.Release|Any CPU.ActiveCfg = Release|Any CPU
		{C330A724-56FA-426C-8E8E-A3C92AFC9B9C}.Release|Any CPU.Build.0 = Release|Any CPU
		{4CF926C4-A4D1-49D5-ADFB-C8BCD47FA5C6}.Debug FW|Any CPU.ActiveCfg = Debug|Any CPU
		{4CF926C4-A4D1-49D5-ADFB-C8BCD47FA5C6}.Debug FW|Any CPU.Build.0 = Debug|Any CPU
		{4CF926C4-A4D1-49D5-ADFB-C8BCD47FA5C6}.Debug Web|Any CPU.ActiveCfg = Debug|Any CPU
		{4CF926C4-A4D1-49D5-ADFB-C8BCD47FA5C6}.Debug Web|Any CPU.Build.0 = Debug|Any CPU
		{4CF926C4-A4D1-49D5-ADFB-C8BCD47FA5C6}.Debug|Any CPU.ActiveCfg = Debug|Any CPU
		{4CF926C4-A4D1-49D5-ADFB-C8BCD47FA5C6}.Debug|Any CPU.Build.0 = Debug|Any CPU
		{4CF926C4-A4D1-49D5-ADFB-C8BCD47FA5C6}.Release|Any CPU.ActiveCfg = Release|Any CPU
		{4CF926C4-A4D1-49D5-ADFB-C8BCD47FA5C6}.Release|Any CPU.Build.0 = Release|Any CPU
		{4C2E5930-BE25-4609-AA94-D217E6D012CF}.Debug FW|Any CPU.ActiveCfg = Debug|Any CPU
		{4C2E5930-BE25-4609-AA94-D217E6D012CF}.Debug Web|Any CPU.ActiveCfg = Debug|Any CPU
		{4C2E5930-BE25-4609-AA94-D217E6D012CF}.Debug|Any CPU.ActiveCfg = Debug|Any CPU
		{4C2E5930-BE25-4609-AA94-D217E6D012CF}.Release|Any CPU.ActiveCfg = Release|Any CPU
		{4C2E5930-BE25-4609-AA94-D217E6D012CF}.Release|Any CPU.Build.0 = Release|Any CPU
		{BA55603E-EA5F-4EFE-A7DE-670C7C2438F4}.Debug FW|Any CPU.ActiveCfg = Debug|Any CPU
		{BA55603E-EA5F-4EFE-A7DE-670C7C2438F4}.Debug Web|Any CPU.ActiveCfg = Debug|Any CPU
		{BA55603E-EA5F-4EFE-A7DE-670C7C2438F4}.Debug Web|Any CPU.Build.0 = Debug|Any CPU
		{BA55603E-EA5F-4EFE-A7DE-670C7C2438F4}.Debug|Any CPU.ActiveCfg = Debug|Any CPU
		{BA55603E-EA5F-4EFE-A7DE-670C7C2438F4}.Debug|Any CPU.Build.0 = Debug|Any CPU
		{BA55603E-EA5F-4EFE-A7DE-670C7C2438F4}.Release|Any CPU.ActiveCfg = Release|Any CPU
		{BA55603E-EA5F-4EFE-A7DE-670C7C2438F4}.Release|Any CPU.Build.0 = Release|Any CPU
		{A6AB5E8B-5487-4108-811D-F9A9BC5BE195}.Debug FW|Any CPU.ActiveCfg = Debug|Any CPU
		{A6AB5E8B-5487-4108-811D-F9A9BC5BE195}.Debug FW|Any CPU.Build.0 = Debug|Any CPU
		{A6AB5E8B-5487-4108-811D-F9A9BC5BE195}.Debug Web|Any CPU.ActiveCfg = Debug|Any CPU
		{A6AB5E8B-5487-4108-811D-F9A9BC5BE195}.Debug Web|Any CPU.Build.0 = Debug|Any CPU
		{A6AB5E8B-5487-4108-811D-F9A9BC5BE195}.Debug|Any CPU.ActiveCfg = Debug|Any CPU
		{A6AB5E8B-5487-4108-811D-F9A9BC5BE195}.Debug|Any CPU.Build.0 = Debug|Any CPU
		{A6AB5E8B-5487-4108-811D-F9A9BC5BE195}.Release|Any CPU.ActiveCfg = Release|Any CPU
		{A6AB5E8B-5487-4108-811D-F9A9BC5BE195}.Release|Any CPU.Build.0 = Release|Any CPU
		{D0EF0621-6556-4C1B-A892-F192B00B5DC7}.Debug FW|Any CPU.ActiveCfg = Debug|Any CPU
		{D0EF0621-6556-4C1B-A892-F192B00B5DC7}.Debug FW|Any CPU.Build.0 = Debug|Any CPU
		{D0EF0621-6556-4C1B-A892-F192B00B5DC7}.Debug Web|Any CPU.ActiveCfg = Debug|Any CPU
		{D0EF0621-6556-4C1B-A892-F192B00B5DC7}.Debug Web|Any CPU.Build.0 = Debug|Any CPU
		{D0EF0621-6556-4C1B-A892-F192B00B5DC7}.Debug|Any CPU.ActiveCfg = Debug|Any CPU
		{D0EF0621-6556-4C1B-A892-F192B00B5DC7}.Debug|Any CPU.Build.0 = Debug|Any CPU
		{D0EF0621-6556-4C1B-A892-F192B00B5DC7}.Release|Any CPU.ActiveCfg = Release|Any CPU
		{D0EF0621-6556-4C1B-A892-F192B00B5DC7}.Release|Any CPU.Build.0 = Release|Any CPU
		{3CDB110E-5F0C-4300-8123-6F6023A1B047}.Debug FW|Any CPU.ActiveCfg = Debug|Any CPU
		{3CDB110E-5F0C-4300-8123-6F6023A1B047}.Debug FW|Any CPU.Build.0 = Debug|Any CPU
		{3CDB110E-5F0C-4300-8123-6F6023A1B047}.Debug Web|Any CPU.ActiveCfg = Debug|Any CPU
		{3CDB110E-5F0C-4300-8123-6F6023A1B047}.Debug Web|Any CPU.Build.0 = Debug|Any CPU
		{3CDB110E-5F0C-4300-8123-6F6023A1B047}.Debug|Any CPU.ActiveCfg = Debug|Any CPU
		{3CDB110E-5F0C-4300-8123-6F6023A1B047}.Debug|Any CPU.Build.0 = Debug|Any CPU
		{3CDB110E-5F0C-4300-8123-6F6023A1B047}.Release|Any CPU.ActiveCfg = Release|Any CPU
		{3CDB110E-5F0C-4300-8123-6F6023A1B047}.Release|Any CPU.Build.0 = Release|Any CPU
		{FA6C6E92-CDEE-4BFE-9F8E-6B4A6EFAF7B3}.Debug FW|Any CPU.ActiveCfg = Debug|Any CPU
		{FA6C6E92-CDEE-4BFE-9F8E-6B4A6EFAF7B3}.Debug FW|Any CPU.Build.0 = Debug|Any CPU
		{FA6C6E92-CDEE-4BFE-9F8E-6B4A6EFAF7B3}.Debug Web|Any CPU.ActiveCfg = Debug|Any CPU
		{FA6C6E92-CDEE-4BFE-9F8E-6B4A6EFAF7B3}.Debug Web|Any CPU.Build.0 = Debug|Any CPU
		{FA6C6E92-CDEE-4BFE-9F8E-6B4A6EFAF7B3}.Debug|Any CPU.ActiveCfg = Debug|Any CPU
		{FA6C6E92-CDEE-4BFE-9F8E-6B4A6EFAF7B3}.Debug|Any CPU.Build.0 = Debug|Any CPU
		{FA6C6E92-CDEE-4BFE-9F8E-6B4A6EFAF7B3}.Release|Any CPU.ActiveCfg = Release|Any CPU
		{FA6C6E92-CDEE-4BFE-9F8E-6B4A6EFAF7B3}.Release|Any CPU.Build.0 = Release|Any CPU
		{10722CFA-BE72-4E04-9385-ACA1870579DD}.Debug FW|Any CPU.ActiveCfg = Debug|Any CPU
		{10722CFA-BE72-4E04-9385-ACA1870579DD}.Debug FW|Any CPU.Build.0 = Debug|Any CPU
		{10722CFA-BE72-4E04-9385-ACA1870579DD}.Debug Web|Any CPU.ActiveCfg = Debug|Any CPU
		{10722CFA-BE72-4E04-9385-ACA1870579DD}.Debug Web|Any CPU.Build.0 = Debug|Any CPU
		{10722CFA-BE72-4E04-9385-ACA1870579DD}.Debug|Any CPU.ActiveCfg = Debug|Any CPU
		{10722CFA-BE72-4E04-9385-ACA1870579DD}.Debug|Any CPU.Build.0 = Debug|Any CPU
		{10722CFA-BE72-4E04-9385-ACA1870579DD}.Release|Any CPU.ActiveCfg = Release|Any CPU
		{10722CFA-BE72-4E04-9385-ACA1870579DD}.Release|Any CPU.Build.0 = Release|Any CPU
		{53656410-5E82-4B9E-905F-0947892A3085}.Debug FW|Any CPU.ActiveCfg = Debug|Any CPU
		{53656410-5E82-4B9E-905F-0947892A3085}.Debug Web|Any CPU.ActiveCfg = Debug|Any CPU
		{53656410-5E82-4B9E-905F-0947892A3085}.Debug Web|Any CPU.Build.0 = Debug|Any CPU
		{53656410-5E82-4B9E-905F-0947892A3085}.Debug|Any CPU.ActiveCfg = Debug|Any CPU
		{53656410-5E82-4B9E-905F-0947892A3085}.Debug|Any CPU.Build.0 = Debug|Any CPU
		{53656410-5E82-4B9E-905F-0947892A3085}.Release|Any CPU.ActiveCfg = Release|Any CPU
		{53656410-5E82-4B9E-905F-0947892A3085}.Release|Any CPU.Build.0 = Release|Any CPU
		{CF7FBA70-D44C-4020-A5DB-6684D835398A}.Debug FW|Any CPU.ActiveCfg = Debug|Any CPU
		{CF7FBA70-D44C-4020-A5DB-6684D835398A}.Debug Web|Any CPU.ActiveCfg = Debug|Any CPU
		{CF7FBA70-D44C-4020-A5DB-6684D835398A}.Debug|Any CPU.ActiveCfg = Debug|Any CPU
		{CF7FBA70-D44C-4020-A5DB-6684D835398A}.Debug|Any CPU.Build.0 = Debug|Any CPU
		{CF7FBA70-D44C-4020-A5DB-6684D835398A}.Release|Any CPU.ActiveCfg = Release|Any CPU
		{E3D1FCBE-7EDF-44F7-AF0D-90C4091EBEFA}.Debug FW|Any CPU.ActiveCfg = Debug|Any CPU
		{E3D1FCBE-7EDF-44F7-AF0D-90C4091EBEFA}.Debug FW|Any CPU.Build.0 = Debug|Any CPU
		{E3D1FCBE-7EDF-44F7-AF0D-90C4091EBEFA}.Debug Web|Any CPU.ActiveCfg = Debug|Any CPU
		{E3D1FCBE-7EDF-44F7-AF0D-90C4091EBEFA}.Debug Web|Any CPU.Build.0 = Debug|Any CPU
		{E3D1FCBE-7EDF-44F7-AF0D-90C4091EBEFA}.Debug|Any CPU.ActiveCfg = Debug|Any CPU
		{E3D1FCBE-7EDF-44F7-AF0D-90C4091EBEFA}.Debug|Any CPU.Build.0 = Debug|Any CPU
		{E3D1FCBE-7EDF-44F7-AF0D-90C4091EBEFA}.Release|Any CPU.ActiveCfg = Release|Any CPU
		{E3D1FCBE-7EDF-44F7-AF0D-90C4091EBEFA}.Release|Any CPU.Build.0 = Release|Any CPU
	EndGlobalSection
	GlobalSection(SolutionProperties) = preSolution
		HideSolutionNode = FALSE
	EndGlobalSection
	GlobalSection(NestedProjects) = preSolution
		{9AADED6A-6FDD-4309-8332-A50651932CF4} = {C02DE003-6FE2-4307-9C06-5F5A01BD9F77}
		{4062E471-D142-459F-B050-903F414ED868} = {53F66510-A052-4D34-B7AC-0380DF783721}
		{02A4D32B-61D0-45D4-9A98-6F5433D1FBA3} = {53F66510-A052-4D34-B7AC-0380DF783721}
		{5E3166DD-FD49-4C7C-B350-547015090741} = {53F66510-A052-4D34-B7AC-0380DF783721}
		{6353AF21-DDAF-4BF1-B7B4-AB898BAB7CA1} = {241D3AE6-ED2C-4470-B3C0-7EE7ECDB81BE}
		{702DCAD2-DFF8-46FD-BBA4-47EA33326614} = {241D3AE6-ED2C-4470-B3C0-7EE7ECDB81BE}
		{C03731F8-CE9F-4E15-A14D-99230FE7732E} = {241D3AE6-ED2C-4470-B3C0-7EE7ECDB81BE}
		{C330A724-56FA-426C-8E8E-A3C92AFC9B9C} = {81E8B724-1849-46E1-B426-02F300480530}
		{FB90063C-F965-4178-AE53-7F2EC9560C3C} = {241D3AE6-ED2C-4470-B3C0-7EE7ECDB81BE}
		{4CF926C4-A4D1-49D5-ADFB-C8BCD47FA5C6} = {FB90063C-F965-4178-AE53-7F2EC9560C3C}
		{4C2E5930-BE25-4609-AA94-D217E6D012CF} = {241D3AE6-ED2C-4470-B3C0-7EE7ECDB81BE}
		{BA55603E-EA5F-4EFE-A7DE-670C7C2438F4} = {7AE6AC86-31B9-46AF-9391-A7E55E42FAA5}
		{A6AB5E8B-5487-4108-811D-F9A9BC5BE195} = {241D3AE6-ED2C-4470-B3C0-7EE7ECDB81BE}
		{D0EF0621-6556-4C1B-A892-F192B00B5DC7} = {241D3AE6-ED2C-4470-B3C0-7EE7ECDB81BE}
		{3CDB110E-5F0C-4300-8123-6F6023A1B047} = {241D3AE6-ED2C-4470-B3C0-7EE7ECDB81BE}
		{FA6C6E92-CDEE-4BFE-9F8E-6B4A6EFAF7B3} = {241D3AE6-ED2C-4470-B3C0-7EE7ECDB81BE}
		{10722CFA-BE72-4E04-9385-ACA1870579DD} = {241D3AE6-ED2C-4470-B3C0-7EE7ECDB81BE}
		{53656410-5E82-4B9E-905F-0947892A3085} = {7AE6AC86-31B9-46AF-9391-A7E55E42FAA5}
		{CF7FBA70-D44C-4020-A5DB-6684D835398A} = {53F66510-A052-4D34-B7AC-0380DF783721}
		{E3D1FCBE-7EDF-44F7-AF0D-90C4091EBEFA} = {53F66510-A052-4D34-B7AC-0380DF783721}
	EndGlobalSection
EndGlobal
