
Microsoft Visual Studio Solution File, Format Version 12.00
# Visual Studio 2013
VisualStudioVersion = 12.0.30501.0
MinimumVisualStudioVersion = 10.0.40219.1
Project("{FAE04EC0-301F-11D3-BF4B-00C04F79EFBC}") = "VS2013.References.Package", "ref\VS2013.References.Package\VS2013.References.Package.csproj", "{4062E471-D142-459F-B050-903F414ED868}"
EndProject
Project("{FAE04EC0-301F-11D3-BF4B-00C04F79EFBC}") = "VS2013.References.Package.Tests.Unit", "ref\VS2013.References.Package.Tests.Unit\VS2013.References.Package.Tests.Unit.csproj", "{02A4D32B-61D0-45D4-9A98-6F5433D1FBA3}"
EndProject
Project("{FAE04EC0-301F-11D3-BF4B-00C04F79EFBC}") = "VS2013.References.Package.Tests.Integration", "ref\VS2013.References.Package.Tests.Integration\VS2013.References.Package.Tests.Integration.csproj", "{5E3166DD-FD49-4C7C-B350-547015090741}"
EndProject
Project("{2150E333-8FDC-42A3-9474-1A3956D46DE8}") = "_ref", "_ref", "{70A5D42D-35A4-4AD4-82D6-F56C53143ACD}"
EndProject
Project("{F2A71F9B-5D33-465A-A702-920D77279786}") = "VS2013.Guidance.Package", "src\VS2013.Guidance.Package\VS2013.Guidance.Package.fsproj", "{C06C5D6F-458F-47C2-89DA-69AB3376563C}"
EndProject
Project("{F2A71F9B-5D33-465A-A702-920D77279786}") = "VS2013.Guidance", "src\VS2013.Guidance\VS2013.Guidance.fsproj", "{B9FB8D7F-CA79-48C5-82F7-D7B1FAFF78E8}"
EndProject
Project("{F2A71F9B-5D33-465A-A702-920D77279786}") = "VS2013.Guidance.Templates", "src\VS2013.Guidance.Templates\VS2013.Guidance.Templates.fsproj", "{DAF102B7-1C9E-4F92-B275-423D2863B49F}"
EndProject
Global
	GlobalSection(SolutionConfigurationPlatforms) = preSolution
		Debug|Any CPU = Debug|Any CPU
		Release|Any CPU = Release|Any CPU
	EndGlobalSection
	GlobalSection(ProjectConfigurationPlatforms) = postSolution
		{4062E471-D142-459F-B050-903F414ED868}.Debug|Any CPU.ActiveCfg = Debug|Any CPU
		{4062E471-D142-459F-B050-903F414ED868}.Release|Any CPU.ActiveCfg = Release|Any CPU
		{02A4D32B-61D0-45D4-9A98-6F5433D1FBA3}.Debug|Any CPU.ActiveCfg = Debug|Any CPU
		{02A4D32B-61D0-45D4-9A98-6F5433D1FBA3}.Release|Any CPU.ActiveCfg = Release|Any CPU
		{5E3166DD-FD49-4C7C-B350-547015090741}.Debug|Any CPU.ActiveCfg = Debug|Any CPU
		{5E3166DD-FD49-4C7C-B350-547015090741}.Release|Any CPU.ActiveCfg = Release|Any CPU
		{C06C5D6F-458F-47C2-89DA-69AB3376563C}.Debug|Any CPU.ActiveCfg = Debug|Any CPU
		{C06C5D6F-458F-47C2-89DA-69AB3376563C}.Debug|Any CPU.Build.0 = Debug|Any CPU
		{C06C5D6F-458F-47C2-89DA-69AB3376563C}.Release|Any CPU.ActiveCfg = Release|Any CPU
		{C06C5D6F-458F-47C2-89DA-69AB3376563C}.Release|Any CPU.Build.0 = Release|Any CPU
		{B9FB8D7F-CA79-48C5-82F7-D7B1FAFF78E8}.Debug|Any CPU.ActiveCfg = Debug|Any CPU
		{B9FB8D7F-CA79-48C5-82F7-D7B1FAFF78E8}.Debug|Any CPU.Build.0 = Debug|Any CPU
		{B9FB8D7F-CA79-48C5-82F7-D7B1FAFF78E8}.Release|Any CPU.ActiveCfg = Release|Any CPU
		{B9FB8D7F-CA79-48C5-82F7-D7B1FAFF78E8}.Release|Any CPU.Build.0 = Release|Any CPU
		{DAF102B7-1C9E-4F92-B275-423D2863B49F}.Debug|Any CPU.ActiveCfg = Debug|Any CPU
		{DAF102B7-1C9E-4F92-B275-423D2863B49F}.Debug|Any CPU.Build.0 = Debug|Any CPU
		{DAF102B7-1C9E-4F92-B275-423D2863B49F}.Release|Any CPU.ActiveCfg = Release|Any CPU
		{DAF102B7-1C9E-4F92-B275-423D2863B49F}.Release|Any CPU.Build.0 = Release|Any CPU
	EndGlobalSection
	GlobalSection(SolutionProperties) = preSolution
		HideSolutionNode = FALSE
	EndGlobalSection
	GlobalSection(NestedProjects) = preSolution
		{4062E471-D142-459F-B050-903F414ED868} = {70A5D42D-35A4-4AD4-82D6-F56C53143ACD}
		{02A4D32B-61D0-45D4-9A98-6F5433D1FBA3} = {70A5D42D-35A4-4AD4-82D6-F56C53143ACD}
		{5E3166DD-FD49-4C7C-B350-547015090741} = {70A5D42D-35A4-4AD4-82D6-F56C53143ACD}
	EndGlobalSection
EndGlobal
